dependencies:
- name: cas-airflow-dag-trigger
  repository: https://bcgov.github.io/cas-airflow
  version: 1.0.7
- name: cas-airflow-dag-trigger
  repository: https://bcgov.github.io/cas-airflow
  version: 1.0.7
- name: cas-airflow-dag-trigger
  repository: https://bcgov.github.io/cas-airflow
  version: 1.0.7
- name: nginx-sidecar
  repository: https://bcgov.github.io/cas-template-app
  version: 0.1.10
digest: sha256:77509e0a77eda9661e0bdab1d921b99bfe9d8f3b2320965d275704004d9b3e4d
generated: "2022-04-18T09:21:01.836304017-07:00"
